
Microsoft Visual Studio Solution File, Format Version 12.00
# Visual Studio Version 17
VisualStudioVersion = 17.2.32616.157
MinimumVisualStudioVersion = 10.0.40219.1
Project("{9A19103F-16F7-4668-BE54-9A1E7A4F7556}") = "ExpressionUtils", "ExpressionUtils\ExpressionUtils.csproj", "{93F431A5-CAED-4036-A2A5-F8F21D159C89}"
EndProject
Global
	GlobalSection(SolutionConfigurationPlatforms) = preSolution
		Debug|Any CPU = Debug|Any CPU
		Release|Any CPU = Release|Any CPU
	EndGlobalSection
	GlobalSection(ProjectConfigurationPlatforms) = postSolution
		{93F431A5-CAED-4036-A2A5-F8F21D159C89}.Debug|Any CPU.ActiveCfg = Debug|Any CPU
		{93F431A5-CAED-4036-A2A5-F8F21D159C89}.Debug|Any CPU.Build.0 = Debug|Any CPU
		{93F431A5-CAED-4036-A2A5-F8F21D159C89}.Release|Any CPU.ActiveCfg = Release|Any CPU
		{93F431A5-CAED-4036-A2A5-F8F21D159C89}.Release|Any CPU.Build.0 = Release|Any CPU
	EndGlobalSection
	GlobalSection(SolutionProperties) = preSolution
		HideSolutionNode = FALSE
	EndGlobalSection
	GlobalSection(ExtensibilityGlobals) = postSolution
		SolutionGuid = {AAB36AE2-46B5-4B46-B35A-1F9CB5648602}
	EndGlobalSection
EndGlobal
